
Microsoft Visual Studio Solution File, Format Version 12.00
# Visual Studio 14
VisualStudioVersion = 14.0.25123.0
MinimumVisualStudioVersion = 10.0.40219.1
Project("{FAE04EC0-301F-11D3-BF4B-00C04F79EFBC}") = "AuthorizationServer.Api", "AuthorizationServer.Api\AuthorizationServer.Api.csproj", "{D1EB9DC5-9499-4E50-9F87-16CC0B3D0D2D}"
EndProject
Project("{FAE04EC0-301F-11D3-BF4B-00C04F79EFBC}") = "ResourceServer.Api", "ResourceServer.Api\ResourceServer.Api.csproj", "{01D797BA-16D5-406E-949B-C4A5B05512DC}"
EndProject
Global
	GlobalSection(SolutionConfigurationPlatforms) = preSolution
		Debug|Any CPU = Debug|Any CPU
		Release|Any CPU = Release|Any CPU
	EndGlobalSection
	GlobalSection(ProjectConfigurationPlatforms) = postSolution
		{D1EB9DC5-9499-4E50-9F87-16CC0B3D0D2D}.Debug|Any CPU.ActiveCfg = Debug|Any CPU
		{D1EB9DC5-9499-4E50-9F87-16CC0B3D0D2D}.Debug|Any CPU.Build.0 = Debug|Any CPU
		{D1EB9DC5-9499-4E50-9F87-16CC0B3D0D2D}.Release|Any CPU.ActiveCfg = Release|Any CPU
		{D1EB9DC5-9499-4E50-9F87-16CC0B3D0D2D}.Release|Any CPU.Build.0 = Release|Any CPU
		{01D797BA-16D5-406E-949B-C4A5B05512DC}.Debug|Any CPU.ActiveCfg = Debug|Any CPU
		{01D797BA-16D5-406E-949B-C4A5B05512DC}.Debug|Any CPU.Build.0 = Debug|Any CPU
		{01D797BA-16D5-406E-949B-C4A5B05512DC}.Release|Any CPU.ActiveCfg = Release|Any CPU
		{01D797BA-16D5-406E-949B-C4A5B05512DC}.Release|Any CPU.Build.0 = Release|Any CPU
	EndGlobalSection
	GlobalSection(SolutionProperties) = preSolution
		HideSolutionNode = FALSE
	EndGlobalSection
EndGlobal
